
Microsoft Visual Studio Solution File, Format Version 12.00
# Visual Studio Version 17
VisualStudioVersion = 17.6.33723.286
MinimumVisualStudioVersion = 10.0.40219.1
Project("{FAE04EC0-301F-11D3-BF4B-00C04F79EFBC}") = "blogpost", "blogpost.csproj", "{D0E3267E-252E-4466-843A-D181D7AFA6BD}"
EndProject
Global
	GlobalSection(SolutionConfigurationPlatforms) = preSolution
		Debug|Any CPU = Debug|Any CPU
		Release|Any CPU = Release|Any CPU
	EndGlobalSection
	GlobalSection(ProjectConfigurationPlatforms) = postSolution
		{D0E3267E-252E-4466-843A-D181D7AFA6BD}.Debug|Any CPU.ActiveCfg = Debug|Any CPU
		{D0E3267E-252E-4466-843A-D181D7AFA6BD}.Debug|Any CPU.Build.0 = Debug|Any CPU
		{D0E3267E-252E-4466-843A-D181D7AFA6BD}.Release|Any CPU.ActiveCfg = Release|Any CPU
		{D0E3267E-252E-4466-843A-D181D7AFA6BD}.Release|Any CPU.Build.0 = Release|Any CPU
	EndGlobalSection
	GlobalSection(SolutionProperties) = preSolution
		HideSolutionNode = FALSE
	EndGlobalSection
	GlobalSection(ExtensibilityGlobals) = postSolution
		SolutionGuid = {9C8EDBEB-2B59-4DA4-8891-FFCA4010ED11}
	EndGlobalSection
EndGlobal
